// !$*UTF8*$!
{
	archiveVersion = 1;
	classes = {
	};
	objectVersion = 46;
	objects = {

/* Begin PBXBuildFile section */
		5B067DCA197C00F1000C7B56 /* MOSubmissionData.m in Sources */ = {isa = PBXBuildFile; fileRef = 5B067DC9197C00F1000C7B56 /* MOSubmissionData.m */; };
		5B1CAF1A1983F49300383D97 /* MOSubmissionsPersistenceManager.m in Sources */ = {isa = PBXBuildFile; fileRef = 5B1CAF191983F49300383D97 /* MOSubmissionsPersistenceManager.m */; };
		5B1D761C19D16FAA002D3D58 /* MOMoreCollectionViewController.m in Sources */ = {isa = PBXBuildFile; fileRef = 5B1D761B19D16FAA002D3D58 /* MOMoreCollectionViewController.m */; };
		5B1FB21A19892D0100B81387 /* MODateAddedViewController.m in Sources */ = {isa = PBXBuildFile; fileRef = 5B1FB21919892D0100B81387 /* MODateAddedViewController.m */; };
		5B202820197B937300105D36 /* MOSubmissionObject.m in Sources */ = {isa = PBXBuildFile; fileRef = 5B20281F197B937300105D36 /* MOSubmissionObject.m */; };
		5B202823197BA2BC00105D36 /* MOStatisticsViewController.m in Sources */ = {isa = PBXBuildFile; fileRef = 5B202822197BA2BC00105D36 /* MOStatisticsViewController.m */; };
		5B23BE3219D7C34100C862D6 /* CSStickyHeaderFlowLayout.m in Sources */ = {isa = PBXBuildFile; fileRef = 5B23BE2F19D7C34100C862D6 /* CSStickyHeaderFlowLayout.m */; };
		5B23BE3319D7C34100C862D6 /* CSStickyHeaderFlowLayoutAttributes.m in Sources */ = {isa = PBXBuildFile; fileRef = 5B23BE3119D7C34100C862D6 /* CSStickyHeaderFlowLayoutAttributes.m */; };
		5B24DFCA19B3553A007223BA /* AFHTTPRequestOperation.m in Sources */ = {isa = PBXBuildFile; fileRef = 5B24DFA619B3553A007223BA /* AFHTTPRequestOperation.m */; };
		5B24DFCB19B3553A007223BA /* AFHTTPRequestOperationManager.m in Sources */ = {isa = PBXBuildFile; fileRef = 5B24DFA819B3553A007223BA /* AFHTTPRequestOperationManager.m */; };
		5B24DFCC19B3553A007223BA /* AFHTTPSessionManager.m in Sources */ = {isa = PBXBuildFile; fileRef = 5B24DFAA19B3553A007223BA /* AFHTTPSessionManager.m */; };
		5B24DFCD19B3553A007223BA /* AFNetworkReachabilityManager.m in Sources */ = {isa = PBXBuildFile; fileRef = 5B24DFAD19B3553A007223BA /* AFNetworkReachabilityManager.m */; };
		5B24DFCE19B3553A007223BA /* AFSecurityPolicy.m in Sources */ = {isa = PBXBuildFile; fileRef = 5B24DFAF19B3553A007223BA /* AFSecurityPolicy.m */; };
		5B24DFCF19B3553A007223BA /* AFURLConnectionOperation.m in Sources */ = {isa = PBXBuildFile; fileRef = 5B24DFB119B3553A007223BA /* AFURLConnectionOperation.m */; };
		5B24DFD019B3553A007223BA /* AFURLRequestSerialization.m in Sources */ = {isa = PBXBuildFile; fileRef = 5B24DFB319B3553A007223BA /* AFURLRequestSerialization.m */; };
		5B24DFD119B3553A007223BA /* AFURLResponseSerialization.m in Sources */ = {isa = PBXBuildFile; fileRef = 5B24DFB519B3553A007223BA /* AFURLResponseSerialization.m */; };
		5B24DFD219B3553A007223BA /* AFURLSessionManager.m in Sources */ = {isa = PBXBuildFile; fileRef = 5B24DFB719B3553A007223BA /* AFURLSessionManager.m */; };
		5B24DFD319B3553A007223BA /* AFNetworkActivityIndicatorManager.m in Sources */ = {isa = PBXBuildFile; fileRef = 5B24DFBA19B3553A007223BA /* AFNetworkActivityIndicatorManager.m */; };
		5B24DFD419B3553A007223BA /* UIActivityIndicatorView+AFNetworking.m in Sources */ = {isa = PBXBuildFile; fileRef = 5B24DFBC19B3553A007223BA /* UIActivityIndicatorView+AFNetworking.m */; };
		5B24DFD519B3553A007223BA /* UIAlertView+AFNetworking.m in Sources */ = {isa = PBXBuildFile; fileRef = 5B24DFBE19B3553A007223BA /* UIAlertView+AFNetworking.m */; };
		5B24DFD619B3553A007223BA /* UIButton+AFNetworking.m in Sources */ = {isa = PBXBuildFile; fileRef = 5B24DFC019B3553A007223BA /* UIButton+AFNetworking.m */; };
		5B24DFD719B3553A007223BA /* UIImageView+AFNetworking.m in Sources */ = {isa = PBXBuildFile; fileRef = 5B24DFC219B3553A007223BA /* UIImageView+AFNetworking.m */; };
		5B24DFD819B3553A007223BA /* UIProgressView+AFNetworking.m in Sources */ = {isa = PBXBuildFile; fileRef = 5B24DFC519B3553A007223BA /* UIProgressView+AFNetworking.m */; };
		5B24DFD919B3553A007223BA /* UIRefreshControl+AFNetworking.m in Sources */ = {isa = PBXBuildFile; fileRef = 5B24DFC719B3553A007223BA /* UIRefreshControl+AFNetworking.m */; };
		5B24DFDA19B3553A007223BA /* UIWebView+AFNetworking.m in Sources */ = {isa = PBXBuildFile; fileRef = 5B24DFC919B3553A007223BA /* UIWebView+AFNetworking.m */; };
		5B3253F219CE8E6C007D4174 /* MOTopTableTableViewController.m in Sources */ = {isa = PBXBuildFile; fileRef = 5B3253F119CE8E6C007D4174 /* MOTopTableTableViewController.m */; };
		5B4BE43419A9FFED006536CE /* MOMatchesViewController.m in Sources */ = {isa = PBXBuildFile; fileRef = 5B4BE43319A9FFED006536CE /* MOMatchesViewController.m */; };
		5B617F0B198D04EB008837DD /* MODeleteTableViewController.m in Sources */ = {isa = PBXBuildFile; fileRef = 5B617F0A198D04EB008837DD /* MODeleteTableViewController.m */; };
		5B617F0F198D15B7008837DD /* MODeleteViewController.m in Sources */ = {isa = PBXBuildFile; fileRef = 5B617F0E198D15B7008837DD /* MODeleteViewController.m */; };
		5B640E5E19AB6C45000EAD45 /* MOMatchObject.m in Sources */ = {isa = PBXBuildFile; fileRef = 5B640E5D19AB6C45000EAD45 /* MOMatchObject.m */; };
		5B640E6119AB6E3E000EAD45 /* MOMatchData.m in Sources */ = {isa = PBXBuildFile; fileRef = 5B640E6019AB6E3E000EAD45 /* MOMatchData.m */; };
		5B868D7E19D8006300DB7644 /* CollectionViewHeader.xib in Resources */ = {isa = PBXBuildFile; fileRef = 5B868D7D19D8006300DB7644 /* CollectionViewHeader.xib */; };
		5BABB284197A5F77009B636E /* Foundation.framework in Frameworks */ = {isa = PBXBuildFile; fileRef = 5BABB283197A5F77009B636E /* Foundation.framework */; };
		5BABB286197A5F77009B636E /* CoreGraphics.framework in Frameworks */ = {isa = PBXBuildFile; fileRef = 5BABB285197A5F77009B636E /* CoreGraphics.framework */; };
		5BABB288197A5F77009B636E /* UIKit.framework in Frameworks */ = {isa = PBXBuildFile; fileRef = 5BABB287197A5F77009B636E /* UIKit.framework */; };
		5BABB28E197A5F77009B636E /* InfoPlist.strings in Resources */ = {isa = PBXBuildFile; fileRef = 5BABB28C197A5F77009B636E /* InfoPlist.strings */; };
		5BABB290197A5F77009B636E /* main.m in Sources */ = {isa = PBXBuildFile; fileRef = 5BABB28F197A5F77009B636E /* main.m */; };
		5BABB294197A5F77009B636E /* MOAppDelegate.m in Sources */ = {isa = PBXBuildFile; fileRef = 5BABB293197A5F77009B636E /* MOAppDelegate.m */; };
		5BABB297197A5F77009B636E /* Main.storyboard in Resources */ = {isa = PBXBuildFile; fileRef = 5BABB295197A5F77009B636E /* Main.storyboard */; };
		5BABB29A197A5F77009B636E /* MOViewController.m in Sources */ = {isa = PBXBuildFile; fileRef = 5BABB299197A5F77009B636E /* MOViewController.m */; };
		5BABB29C197A5F77009B636E /* Images.xcassets in Resources */ = {isa = PBXBuildFile; fileRef = 5BABB29B197A5F77009B636E /* Images.xcassets */; };
		5BABB2A3197A5F77009B636E /* XCTest.framework in Frameworks */ = {isa = PBXBuildFile; fileRef = 5BABB2A2197A5F77009B636E /* XCTest.framework */; };
		5BABB2A4197A5F77009B636E /* Foundation.framework in Frameworks */ = {isa = PBXBuildFile; fileRef = 5BABB283197A5F77009B636E /* Foundation.framework */; };
		5BABB2A5197A5F77009B636E /* UIKit.framework in Frameworks */ = {isa = PBXBuildFile; fileRef = 5BABB287197A5F77009B636E /* UIKit.framework */; };
		5BABB2AD197A5F77009B636E /* InfoPlist.strings in Resources */ = {isa = PBXBuildFile; fileRef = 5BABB2AB197A5F77009B636E /* InfoPlist.strings */; };
		5BABB2AF197A5F77009B636E /* BJJStatsTests.m in Sources */ = {isa = PBXBuildFile; fileRef = 5BABB2AE197A5F77009B636E /* BJJStatsTests.m */; };
		5BABB2BA197A5FA5009B636E /* Submissions.plist in Resources */ = {isa = PBXBuildFile; fileRef = 5BABB2B9197A5FA5009B636E /* Submissions.plist */; };
		5BABB2BC197A5FC8009B636E /* Positions.plist in Resources */ = {isa = PBXBuildFile; fileRef = 5BABB2BB197A5FC8009B636E /* Positions.plist */; };
		5BABB2C1197A6CAA009B636E /* MOSubmissionsViewController.m in Sources */ = {isa = PBXBuildFile; fileRef = 5BABB2C0197A6CAA009B636E /* MOSubmissionsViewController.m */; };
		5BABB2C4197A6CBB009B636E /* MOSubmittedViewController.m in Sources */ = {isa = PBXBuildFile; fileRef = 5BABB2C3197A6CBB009B636E /* MOSubmittedViewController.m */; };
		5BD5BB4A19A0CAE600E2F1F8 /* XYPieChart.m in Sources */ = {isa = PBXBuildFile; fileRef = 5BD5BB4919A0CAE600E2F1F8 /* XYPieChart.m */; };
		5BEB4512197E5DA7008F6355 /* MOObjectConverter.m in Sources */ = {isa = PBXBuildFile; fileRef = 5BEB4511197E5DA7008F6355 /* MOObjectConverter.m */; };
		5BF89FD619BC5FEB002C1084 /* MOCustomCollectionViewCell.m in Sources */ = {isa = PBXBuildFile; fileRef = 5BF89FD519BC5FEB002C1084 /* MOCustomCollectionViewCell.m */; };
/* End PBXBuildFile section */

/* Begin PBXContainerItemProxy section */
		5BABB2A6197A5F77009B636E /* PBXContainerItemProxy */ = {
			isa = PBXContainerItemProxy;
			containerPortal = 5BABB278197A5F77009B636E /* Project object */;
			proxyType = 1;
			remoteGlobalIDString = 5BABB27F197A5F77009B636E;
			remoteInfo = BJJStats;
		};
/* End PBXContainerItemProxy section */

/* Begin PBXFileReference section */
		5B067DC8197C00F1000C7B56 /* MOSubmissionData.h */ = {isa = PBXFileReference; fileEncoding = 4; lastKnownFileType = sourcecode.c.h; path = MOSubmissionData.h; sourceTree = "<group>"; };
		5B067DC9197C00F1000C7B56 /* MOSubmissionData.m */ = {isa = PBXFileReference; fileEncoding = 4; lastKnownFileType = sourcecode.c.objc; path = MOSubmissionData.m; sourceTree = "<group>"; };
		5B1CAF181983F49300383D97 /* MOSubmissionsPersistenceManager.h */ = {isa = PBXFileReference; fileEncoding = 4; lastKnownFileType = sourcecode.c.h; path = MOSubmissionsPersistenceManager.h; sourceTree = "<group>"; };
		5B1CAF191983F49300383D97 /* MOSubmissionsPersistenceManager.m */ = {isa = PBXFileReference; fileEncoding = 4; lastKnownFileType = sourcecode.c.objc; path = MOSubmissionsPersistenceManager.m; sourceTree = "<group>"; };
		5B1D761A19D16FAA002D3D58 /* MOMoreCollectionViewController.h */ = {isa = PBXFileReference; fileEncoding = 4; lastKnownFileType = sourcecode.c.h; path = MOMoreCollectionViewController.h; sourceTree = "<group>"; };
		5B1D761B19D16FAA002D3D58 /* MOMoreCollectionViewController.m */ = {isa = PBXFileReference; fileEncoding = 4; lastKnownFileType = sourcecode.c.objc; path = MOMoreCollectionViewController.m; sourceTree = "<group>"; };
		5B1FB21819892D0100B81387 /* MODateAddedViewController.h */ = {isa = PBXFileReference; fileEncoding = 4; lastKnownFileType = sourcecode.c.h; path = MODateAddedViewController.h; sourceTree = "<group>"; };
		5B1FB21919892D0100B81387 /* MODateAddedViewController.m */ = {isa = PBXFileReference; fileEncoding = 4; lastKnownFileType = sourcecode.c.objc; path = MODateAddedViewController.m; sourceTree = "<group>"; };
		5B20281E197B937300105D36 /* MOSubmissionObject.h */ = {isa = PBXFileReference; fileEncoding = 4; lastKnownFileType = sourcecode.c.h; path = MOSubmissionObject.h; sourceTree = "<group>"; };
		5B20281F197B937300105D36 /* MOSubmissionObject.m */ = {isa = PBXFileReference; fileEncoding = 4; lastKnownFileType = sourcecode.c.objc; path = MOSubmissionObject.m; sourceTree = "<group>"; };
		5B202821197BA2BC00105D36 /* MOStatisticsViewController.h */ = {isa = PBXFileReference; fileEncoding = 4; lastKnownFileType = sourcecode.c.h; path = MOStatisticsViewController.h; sourceTree = "<group>"; };
		5B202822197BA2BC00105D36 /* MOStatisticsViewController.m */ = {isa = PBXFileReference; fileEncoding = 4; lastKnownFileType = sourcecode.c.objc; path = MOStatisticsViewController.m; sourceTree = "<group>"; };
		5B23BE2E19D7C34000C862D6 /* CSStickyHeaderFlowLayout.h */ = {isa = PBXFileReference; fileEncoding = 4; lastKnownFileType = sourcecode.c.h; path = CSStickyHeaderFlowLayout.h; sourceTree = "<group>"; };
		5B23BE2F19D7C34100C862D6 /* CSStickyHeaderFlowLayout.m */ = {isa = PBXFileReference; fileEncoding = 4; lastKnownFileType = sourcecode.c.objc; path = CSStickyHeaderFlowLayout.m; sourceTree = "<group>"; };
		5B23BE3019D7C34100C862D6 /* CSStickyHeaderFlowLayoutAttributes.h */ = {isa = PBXFileReference; fileEncoding = 4; lastKnownFileType = sourcecode.c.h; path = CSStickyHeaderFlowLayoutAttributes.h; sourceTree = "<group>"; };
		5B23BE3119D7C34100C862D6 /* CSStickyHeaderFlowLayoutAttributes.m */ = {isa = PBXFileReference; fileEncoding = 4; lastKnownFileType = sourcecode.c.objc; path = CSStickyHeaderFlowLayoutAttributes.m; sourceTree = "<group>"; };
		5B24DFA519B3553A007223BA /* AFHTTPRequestOperation.h */ = {isa = PBXFileReference; fileEncoding = 4; lastKnownFileType = sourcecode.c.h; path = AFHTTPRequestOperation.h; sourceTree = "<group>"; };
		5B24DFA619B3553A007223BA /* AFHTTPRequestOperation.m */ = {isa = PBXFileReference; fileEncoding = 4; lastKnownFileType = sourcecode.c.objc; path = AFHTTPRequestOperation.m; sourceTree = "<group>"; };
		5B24DFA719B3553A007223BA /* AFHTTPRequestOperationManager.h */ = {isa = PBXFileReference; fileEncoding = 4; lastKnownFileType = sourcecode.c.h; path = AFHTTPRequestOperationManager.h; sourceTree = "<group>"; };
		5B24DFA819B3553A007223BA /* AFHTTPRequestOperationManager.m */ = {isa = PBXFileReference; fileEncoding = 4; lastKnownFileType = sourcecode.c.objc; path = AFHTTPRequestOperationManager.m; sourceTree = "<group>"; };
		5B24DFA919B3553A007223BA /* AFHTTPSessionManager.h */ = {isa = PBXFileReference; fileEncoding = 4; lastKnownFileType = sourcecode.c.h; path = AFHTTPSessionManager.h; sourceTree = "<group>"; };
		5B24DFAA19B3553A007223BA /* AFHTTPSessionManager.m */ = {isa = PBXFileReference; fileEncoding = 4; lastKnownFileType = sourcecode.c.objc; path = AFHTTPSessionManager.m; sourceTree = "<group>"; };
		5B24DFAB19B3553A007223BA /* AFNetworking.h */ = {isa = PBXFileReference; fileEncoding = 4; lastKnownFileType = sourcecode.c.h; path = AFNetworking.h; sourceTree = "<group>"; };
		5B24DFAC19B3553A007223BA /* AFNetworkReachabilityManager.h */ = {isa = PBXFileReference; fileEncoding = 4; lastKnownFileType = sourcecode.c.h; path = AFNetworkReachabilityManager.h; sourceTree = "<group>"; };
		5B24DFAD19B3553A007223BA /* AFNetworkReachabilityManager.m */ = {isa = PBXFileReference; fileEncoding = 4; lastKnownFileType = sourcecode.c.objc; path = AFNetworkReachabilityManager.m; sourceTree = "<group>"; };
		5B24DFAE19B3553A007223BA /* AFSecurityPolicy.h */ = {isa = PBXFileReference; fileEncoding = 4; lastKnownFileType = sourcecode.c.h; path = AFSecurityPolicy.h; sourceTree = "<group>"; };
		5B24DFAF19B3553A007223BA /* AFSecurityPolicy.m */ = {isa = PBXFileReference; fileEncoding = 4; lastKnownFileType = sourcecode.c.objc; path = AFSecurityPolicy.m; sourceTree = "<group>"; };
		5B24DFB019B3553A007223BA /* AFURLConnectionOperation.h */ = {isa = PBXFileReference; fileEncoding = 4; lastKnownFileType = sourcecode.c.h; path = AFURLConnectionOperation.h; sourceTree = "<group>"; };
		5B24DFB119B3553A007223BA /* AFURLConnectionOperation.m */ = {isa = PBXFileReference; fileEncoding = 4; lastKnownFileType = sourcecode.c.objc; path = AFURLConnectionOperation.m; sourceTree = "<group>"; };
		5B24DFB219B3553A007223BA /* AFURLRequestSerialization.h */ = {isa = PBXFileReference; fileEncoding = 4; lastKnownFileType = sourcecode.c.h; path = AFURLRequestSerialization.h; sourceTree = "<group>"; };
		5B24DFB319B3553A007223BA /* AFURLRequestSerialization.m */ = {isa = PBXFileReference; fileEncoding = 4; lastKnownFileType = sourcecode.c.objc; path = AFURLRequestSerialization.m; sourceTree = "<group>"; };
		5B24DFB419B3553A007223BA /* AFURLResponseSerialization.h */ = {isa = PBXFileReference; fileEncoding = 4; lastKnownFileType = sourcecode.c.h; path = AFURLResponseSerialization.h; sourceTree = "<group>"; };
		5B24DFB519B3553A007223BA /* AFURLResponseSerialization.m */ = {isa = PBXFileReference; fileEncoding = 4; lastKnownFileType = sourcecode.c.objc; path = AFURLResponseSerialization.m; sourceTree = "<group>"; };
		5B24DFB619B3553A007223BA /* AFURLSessionManager.h */ = {isa = PBXFileReference; fileEncoding = 4; lastKnownFileType = sourcecode.c.h; path = AFURLSessionManager.h; sourceTree = "<group>"; };
		5B24DFB719B3553A007223BA /* AFURLSessionManager.m */ = {isa = PBXFileReference; fileEncoding = 4; lastKnownFileType = sourcecode.c.objc; path = AFURLSessionManager.m; sourceTree = "<group>"; };
		5B24DFB919B3553A007223BA /* AFNetworkActivityIndicatorManager.h */ = {isa = PBXFileReference; fileEncoding = 4; lastKnownFileType = sourcecode.c.h; path = AFNetworkActivityIndicatorManager.h; sourceTree = "<group>"; };
		5B24DFBA19B3553A007223BA /* AFNetworkActivityIndicatorManager.m */ = {isa = PBXFileReference; fileEncoding = 4; lastKnownFileType = sourcecode.c.objc; path = AFNetworkActivityIndicatorManager.m; sourceTree = "<group>"; };
		5B24DFBB19B3553A007223BA /* UIActivityIndicatorView+AFNetworking.h */ = {isa = PBXFileReference; fileEncoding = 4; lastKnownFileType = sourcecode.c.h; path = "UIActivityIndicatorView+AFNetworking.h"; sourceTree = "<group>"; };
		5B24DFBC19B3553A007223BA /* UIActivityIndicatorView+AFNetworking.m */ = {isa = PBXFileReference; fileEncoding = 4; lastKnownFileType = sourcecode.c.objc; path = "UIActivityIndicatorView+AFNetworking.m"; sourceTree = "<group>"; };
		5B24DFBD19B3553A007223BA /* UIAlertView+AFNetworking.h */ = {isa = PBXFileReference; fileEncoding = 4; lastKnownFileType = sourcecode.c.h; path = "UIAlertView+AFNetworking.h"; sourceTree = "<group>"; };
		5B24DFBE19B3553A007223BA /* UIAlertView+AFNetworking.m */ = {isa = PBXFileReference; fileEncoding = 4; lastKnownFileType = sourcecode.c.objc; path = "UIAlertView+AFNetworking.m"; sourceTree = "<group>"; };
		5B24DFBF19B3553A007223BA /* UIButton+AFNetworking.h */ = {isa = PBXFileReference; fileEncoding = 4; lastKnownFileType = sourcecode.c.h; path = "UIButton+AFNetworking.h"; sourceTree = "<group>"; };
		5B24DFC019B3553A007223BA /* UIButton+AFNetworking.m */ = {isa = PBXFileReference; fileEncoding = 4; lastKnownFileType = sourcecode.c.objc; path = "UIButton+AFNetworking.m"; sourceTree = "<group>"; };
		5B24DFC119B3553A007223BA /* UIImageView+AFNetworking.h */ = {isa = PBXFileReference; fileEncoding = 4; lastKnownFileType = sourcecode.c.h; path = "UIImageView+AFNetworking.h"; sourceTree = "<group>"; };
		5B24DFC219B3553A007223BA /* UIImageView+AFNetworking.m */ = {isa = PBXFileReference; fileEncoding = 4; lastKnownFileType = sourcecode.c.objc; path = "UIImageView+AFNetworking.m"; sourceTree = "<group>"; };
		5B24DFC319B3553A007223BA /* UIKit+AFNetworking.h */ = {isa = PBXFileReference; fileEncoding = 4; lastKnownFileType = sourcecode.c.h; path = "UIKit+AFNetworking.h"; sourceTree = "<group>"; };
		5B24DFC419B3553A007223BA /* UIProgressView+AFNetworking.h */ = {isa = PBXFileReference; fileEncoding = 4; lastKnownFileType = sourcecode.c.h; path = "UIProgressView+AFNetworking.h"; sourceTree = "<group>"; };
		5B24DFC519B3553A007223BA /* UIProgressView+AFNetworking.m */ = {isa = PBXFileReference; fileEncoding = 4; lastKnownFileType = sourcecode.c.objc; path = "UIProgressView+AFNetworking.m"; sourceTree = "<group>"; };
		5B24DFC619B3553A007223BA /* UIRefreshControl+AFNetworking.h */ = {isa = PBXFileReference; fileEncoding = 4; lastKnownFileType = sourcecode.c.h; path = "UIRefreshControl+AFNetworking.h"; sourceTree = "<group>"; };
		5B24DFC719B3553A007223BA /* UIRefreshControl+AFNetworking.m */ = {isa = PBXFileReference; fileEncoding = 4; lastKnownFileType = sourcecode.c.objc; path = "UIRefreshControl+AFNetworking.m"; sourceTree = "<group>"; };
		5B24DFC819B3553A007223BA /* UIWebView+AFNetworking.h */ = {isa = PBXFileReference; fileEncoding = 4; lastKnownFileType = sourcecode.c.h; path = "UIWebView+AFNetworking.h"; sourceTree = "<group>"; };
		5B24DFC919B3553A007223BA /* UIWebView+AFNetworking.m */ = {isa = PBXFileReference; fileEncoding = 4; lastKnownFileType = sourcecode.c.objc; path = "UIWebView+AFNetworking.m"; sourceTree = "<group>"; };
		5B3253F019CE8E6C007D4174 /* MOTopTableTableViewController.h */ = {isa = PBXFileReference; fileEncoding = 4; lastKnownFileType = sourcecode.c.h; path = MOTopTableTableViewController.h; sourceTree = "<group>"; };
		5B3253F119CE8E6C007D4174 /* MOTopTableTableViewController.m */ = {isa = PBXFileReference; fileEncoding = 4; lastKnownFileType = sourcecode.c.objc; path = MOTopTableTableViewController.m; sourceTree = "<group>"; };
		5B4BE43219A9FFED006536CE /* MOMatchesViewController.h */ = {isa = PBXFileReference; fileEncoding = 4; lastKnownFileType = sourcecode.c.h; path = MOMatchesViewController.h; sourceTree = "<group>"; };
		5B4BE43319A9FFED006536CE /* MOMatchesViewController.m */ = {isa = PBXFileReference; fileEncoding = 4; lastKnownFileType = sourcecode.c.objc; path = MOMatchesViewController.m; sourceTree = "<group>"; };
		5B617F09198D04EB008837DD /* MODeleteTableViewController.h */ = {isa = PBXFileReference; fileEncoding = 4; lastKnownFileType = sourcecode.c.h; path = MODeleteTableViewController.h; sourceTree = "<group>"; };
		5B617F0A198D04EB008837DD /* MODeleteTableViewController.m */ = {isa = PBXFileReference; fileEncoding = 4; lastKnownFileType = sourcecode.c.objc; path = MODeleteTableViewController.m; sourceTree = "<group>"; };
		5B617F0D198D15B7008837DD /* MODeleteViewController.h */ = {isa = PBXFileReference; fileEncoding = 4; lastKnownFileType = sourcecode.c.h; path = MODeleteViewController.h; sourceTree = "<group>"; };
		5B617F0E198D15B7008837DD /* MODeleteViewController.m */ = {isa = PBXFileReference; fileEncoding = 4; lastKnownFileType = sourcecode.c.objc; path = MODeleteViewController.m; sourceTree = "<group>"; };
		5B640E5C19AB6C45000EAD45 /* MOMatchObject.h */ = {isa = PBXFileReference; fileEncoding = 4; lastKnownFileType = sourcecode.c.h; path = MOMatchObject.h; sourceTree = "<group>"; };
		5B640E5D19AB6C45000EAD45 /* MOMatchObject.m */ = {isa = PBXFileReference; fileEncoding = 4; lastKnownFileType = sourcecode.c.objc; path = MOMatchObject.m; sourceTree = "<group>"; };
		5B640E5F19AB6E3E000EAD45 /* MOMatchData.h */ = {isa = PBXFileReference; fileEncoding = 4; lastKnownFileType = sourcecode.c.h; path = MOMatchData.h; sourceTree = "<group>"; };
		5B640E6019AB6E3E000EAD45 /* MOMatchData.m */ = {isa = PBXFileReference; fileEncoding = 4; lastKnownFileType = sourcecode.c.objc; path = MOMatchData.m; sourceTree = "<group>"; };
		5B868D7D19D8006300DB7644 /* CollectionViewHeader.xib */ = {isa = PBXFileReference; fileEncoding = 4; lastKnownFileType = file.xib; path = CollectionViewHeader.xib; sourceTree = "<group>"; };
		5BABB280197A5F77009B636E /* BJJStats.app */ = {isa = PBXFileReference; explicitFileType = wrapper.application; includeInIndex = 0; path = BJJStats.app; sourceTree = BUILT_PRODUCTS_DIR; };
		5BABB283197A5F77009B636E /* Foundation.framework */ = {isa = PBXFileReference; lastKnownFileType = wrapper.framework; name = Foundation.framework; path = System/Library/Frameworks/Foundation.framework; sourceTree = SDKROOT; };
		5BABB285197A5F77009B636E /* CoreGraphics.framework */ = {isa = PBXFileReference; lastKnownFileType = wrapper.framework; name = CoreGraphics.framework; path = System/Library/Frameworks/CoreGraphics.framework; sourceTree = SDKROOT; };
		5BABB287197A5F77009B636E /* UIKit.framework */ = {isa = PBXFileReference; lastKnownFileType = wrapper.framework; name = UIKit.framework; path = System/Library/Frameworks/UIKit.framework; sourceTree = SDKROOT; };
		5BABB28B197A5F77009B636E /* BJJStats-Info.plist */ = {isa = PBXFileReference; lastKnownFileType = text.plist.xml; path = "BJJStats-Info.plist"; sourceTree = "<group>"; };
		5BABB28D197A5F77009B636E /* en */ = {isa = PBXFileReference; lastKnownFileType = text.plist.strings; name = en; path = en.lproj/InfoPlist.strings; sourceTree = "<group>"; };
		5BABB28F197A5F77009B636E /* main.m */ = {isa = PBXFileReference; lastKnownFileType = sourcecode.c.objc; path = main.m; sourceTree = "<group>"; };
		5BABB291197A5F77009B636E /* BJJStats-Prefix.pch */ = {isa = PBXFileReference; lastKnownFileType = sourcecode.c.h; path = "BJJStats-Prefix.pch"; sourceTree = "<group>"; };
		5BABB292197A5F77009B636E /* MOAppDelegate.h */ = {isa = PBXFileReference; lastKnownFileType = sourcecode.c.h; path = MOAppDelegate.h; sourceTree = "<group>"; };
		5BABB293197A5F77009B636E /* MOAppDelegate.m */ = {isa = PBXFileReference; lastKnownFileType = sourcecode.c.objc; path = MOAppDelegate.m; sourceTree = "<group>"; };
		5BABB296197A5F77009B636E /* Base */ = {isa = PBXFileReference; lastKnownFileType = file.storyboard; name = Base; path = Base.lproj/Main.storyboard; sourceTree = "<group>"; };
		5BABB298197A5F77009B636E /* MOViewController.h */ = {isa = PBXFileReference; lastKnownFileType = sourcecode.c.h; path = MOViewController.h; sourceTree = "<group>"; };
		5BABB299197A5F77009B636E /* MOViewController.m */ = {isa = PBXFileReference; lastKnownFileType = sourcecode.c.objc; path = MOViewController.m; sourceTree = "<group>"; };
		5BABB29B197A5F77009B636E /* Images.xcassets */ = {isa = PBXFileReference; lastKnownFileType = folder.assetcatalog; path = Images.xcassets; sourceTree = "<group>"; };
		5BABB2A1197A5F77009B636E /* BJJStatsTests.xctest */ = {isa = PBXFileReference; explicitFileType = wrapper.cfbundle; includeInIndex = 0; path = BJJStatsTests.xctest; sourceTree = BUILT_PRODUCTS_DIR; };
		5BABB2A2197A5F77009B636E /* XCTest.framework */ = {isa = PBXFileReference; lastKnownFileType = wrapper.framework; name = XCTest.framework; path = Library/Frameworks/XCTest.framework; sourceTree = DEVELOPER_DIR; };
		5BABB2AA197A5F77009B636E /* BJJStatsTests-Info.plist */ = {isa = PBXFileReference; lastKnownFileType = text.plist.xml; path = "BJJStatsTests-Info.plist"; sourceTree = "<group>"; };
		5BABB2AC197A5F77009B636E /* en */ = {isa = PBXFileReference; lastKnownFileType = text.plist.strings; name = en; path = en.lproj/InfoPlist.strings; sourceTree = "<group>"; };
		5BABB2AE197A5F77009B636E /* BJJStatsTests.m */ = {isa = PBXFileReference; lastKnownFileType = sourcecode.c.objc; path = BJJStatsTests.m; sourceTree = "<group>"; };
		5BABB2B9197A5FA5009B636E /* Submissions.plist */ = {isa = PBXFileReference; fileEncoding = 4; lastKnownFileType = text.plist.xml; path = Submissions.plist; sourceTree = "<group>"; };
		5BABB2BB197A5FC8009B636E /* Positions.plist */ = {isa = PBXFileReference; fileEncoding = 4; lastKnownFileType = text.plist.xml; path = Positions.plist; sourceTree = "<group>"; };
		5BABB2BF197A6CAA009B636E /* MOSubmissionsViewController.h */ = {isa = PBXFileReference; fileEncoding = 4; lastKnownFileType = sourcecode.c.h; path = MOSubmissionsViewController.h; sourceTree = "<group>"; };
		5BABB2C0197A6CAA009B636E /* MOSubmissionsViewController.m */ = {isa = PBXFileReference; fileEncoding = 4; lastKnownFileType = sourcecode.c.objc; path = MOSubmissionsViewController.m; sourceTree = "<group>"; };
		5BABB2C2197A6CBB009B636E /* MOSubmittedViewController.h */ = {isa = PBXFileReference; fileEncoding = 4; lastKnownFileType = sourcecode.c.h; path = MOSubmittedViewController.h; sourceTree = "<group>"; };
		5BABB2C3197A6CBB009B636E /* MOSubmittedViewController.m */ = {isa = PBXFileReference; fileEncoding = 4; lastKnownFileType = sourcecode.c.objc; path = MOSubmittedViewController.m; sourceTree = "<group>"; };
		5BD5BB4819A0CAE600E2F1F8 /* XYPieChart.h */ = {isa = PBXFileReference; fileEncoding = 4; lastKnownFileType = sourcecode.c.h; path = XYPieChart.h; sourceTree = "<group>"; };
		5BD5BB4919A0CAE600E2F1F8 /* XYPieChart.m */ = {isa = PBXFileReference; fileEncoding = 4; lastKnownFileType = sourcecode.c.objc; path = XYPieChart.m; sourceTree = "<group>"; };
		5BEB4510197E5DA7008F6355 /* MOObjectConverter.h */ = {isa = PBXFileReference; fileEncoding = 4; lastKnownFileType = sourcecode.c.h; path = MOObjectConverter.h; sourceTree = "<group>"; };
		5BEB4511197E5DA7008F6355 /* MOObjectConverter.m */ = {isa = PBXFileReference; fileEncoding = 4; lastKnownFileType = sourcecode.c.objc; path = MOObjectConverter.m; sourceTree = "<group>"; };
		5BF89FD419BC5FEB002C1084 /* MOCustomCollectionViewCell.h */ = {isa = PBXFileReference; fileEncoding = 4; lastKnownFileType = sourcecode.c.h; path = MOCustomCollectionViewCell.h; sourceTree = "<group>"; };
		5BF89FD519BC5FEB002C1084 /* MOCustomCollectionViewCell.m */ = {isa = PBXFileReference; fileEncoding = 4; lastKnownFileType = sourcecode.c.objc; path = MOCustomCollectionViewCell.m; sourceTree = "<group>"; };
		9B46A7E952104401AFA43A29 /* libPods.a */ = {isa = PBXFileReference; explicitFileType = archive.ar; includeInIndex = 0; path = libPods.a; sourceTree = BUILT_PRODUCTS_DIR; };
/* End PBXFileReference section */

/* Begin PBXFrameworksBuildPhase section */
		5BABB27D197A5F77009B636E /* Frameworks */ = {
			isa = PBXFrameworksBuildPhase;
			buildActionMask = 2147483647;
			files = (
				5BABB286197A5F77009B636E /* CoreGraphics.framework in Frameworks */,
				5BABB288197A5F77009B636E /* UIKit.framework in Frameworks */,
				5BABB284197A5F77009B636E /* Foundation.framework in Frameworks */,
			);
			runOnlyForDeploymentPostprocessing = 0;
		};
		5BABB29E197A5F77009B636E /* Frameworks */ = {
			isa = PBXFrameworksBuildPhase;
			buildActionMask = 2147483647;
			files = (
				5BABB2A3197A5F77009B636E /* XCTest.framework in Frameworks */,
				5BABB2A5197A5F77009B636E /* UIKit.framework in Frameworks */,
				5BABB2A4197A5F77009B636E /* Foundation.framework in Frameworks */,
			);
			runOnlyForDeploymentPostprocessing = 0;
		};
/* End PBXFrameworksBuildPhase section */

/* Begin PBXGroup section */
		5B1CAF161983F44F00383D97 /* View */ = {
			isa = PBXGroup;
			children = (
				5B3253EF19CE8E37007D4174 /* Top TableView */,
				5B4BE43119A9FFBA006536CE /* Match */,
				5B4BE42D19A9F335006536CE /* More */,
				5B617F0C198D04F5008837DD /*  Delete TableView */,
				5BABB2C6197A9EDE009B636E /* Submissions */,
				5BABB2C7197A9EED009B636E /* Submitted */,
				5B202824197BA2C100105D36 /* Statistics */,
				5BABB2C8197A9EF6009B636E /* Home */,
				5B1FB21B19892D0700B81387 /* Date Added */,
			);
			name = View;
			sourceTree = "<group>";
		};
		5B1CAF171983F45C00383D97 /* Model */ = {
			isa = PBXGroup;
			children = (
				5BEB4510197E5DA7008F6355 /* MOObjectConverter.h */,
				5BEB4511197E5DA7008F6355 /* MOObjectConverter.m */,
				5B1CAF181983F49300383D97 /* MOSubmissionsPersistenceManager.h */,
				5B1CAF191983F49300383D97 /* MOSubmissionsPersistenceManager.m */,
				5B640E5B19AB6C17000EAD45 /* Match Object */,
				5BEB450F197E5D85008F6355 /* SubmissionObject */,
			);
			name = Model;
			sourceTree = "<group>";
		};
		5B1FB21B19892D0700B81387 /* Date Added */ = {
			isa = PBXGroup;
			children = (
				5B1FB21819892D0100B81387 /* MODateAddedViewController.h */,
				5B1FB21919892D0100B81387 /* MODateAddedViewController.m */,
			);
			name = "Date Added";
			sourceTree = "<group>";
		};
		5B202824197BA2C100105D36 /* Statistics */ = {
			isa = PBXGroup;
			children = (
				5B202821197BA2BC00105D36 /* MOStatisticsViewController.h */,
				5B202822197BA2BC00105D36 /* MOStatisticsViewController.m */,
			);
			name = Statistics;
			sourceTree = "<group>";
		};
		5B23BE2D19D7C31600C862D6 /* CSSStickyHeader */ = {
			isa = PBXGroup;
			children = (
				5B23BE2E19D7C34000C862D6 /* CSStickyHeaderFlowLayout.h */,
				5B23BE2F19D7C34100C862D6 /* CSStickyHeaderFlowLayout.m */,
				5B23BE3019D7C34100C862D6 /* CSStickyHeaderFlowLayoutAttributes.h */,
				5B23BE3119D7C34100C862D6 /* CSStickyHeaderFlowLayoutAttributes.m */,
			);
			name = CSSStickyHeader;
			sourceTree = "<group>";
		};
		5B24DFA419B3553A007223BA /* AFNetworking */ = {
			isa = PBXGroup;
			children = (
				5B24DFA519B3553A007223BA /* AFHTTPRequestOperation.h */,
				5B24DFA619B3553A007223BA /* AFHTTPRequestOperation.m */,
				5B24DFA719B3553A007223BA /* AFHTTPRequestOperationManager.h */,
				5B24DFA819B3553A007223BA /* AFHTTPRequestOperationManager.m */,
				5B24DFA919B3553A007223BA /* AFHTTPSessionManager.h */,
				5B24DFAA19B3553A007223BA /* AFHTTPSessionManager.m */,
				5B24DFAB19B3553A007223BA /* AFNetworking.h */,
				5B24DFAC19B3553A007223BA /* AFNetworkReachabilityManager.h */,
				5B24DFAD19B3553A007223BA /* AFNetworkReachabilityManager.m */,
				5B24DFAE19B3553A007223BA /* AFSecurityPolicy.h */,
				5B24DFAF19B3553A007223BA /* AFSecurityPolicy.m */,
				5B24DFB019B3553A007223BA /* AFURLConnectionOperation.h */,
				5B24DFB119B3553A007223BA /* AFURLConnectionOperation.m */,
				5B24DFB219B3553A007223BA /* AFURLRequestSerialization.h */,
				5B24DFB319B3553A007223BA /* AFURLRequestSerialization.m */,
				5B24DFB419B3553A007223BA /* AFURLResponseSerialization.h */,
				5B24DFB519B3553A007223BA /* AFURLResponseSerialization.m */,
				5B24DFB619B3553A007223BA /* AFURLSessionManager.h */,
				5B24DFB719B3553A007223BA /* AFURLSessionManager.m */,
			);
			path = AFNetworking;
			sourceTree = "<group>";
		};
		5B24DFB819B3553A007223BA /* UIKit+AFNetworking */ = {
			isa = PBXGroup;
			children = (
				5B24DFB919B3553A007223BA /* AFNetworkActivityIndicatorManager.h */,
				5B24DFBA19B3553A007223BA /* AFNetworkActivityIndicatorManager.m */,
				5B24DFBB19B3553A007223BA /* UIActivityIndicatorView+AFNetworking.h */,
				5B24DFBC19B3553A007223BA /* UIActivityIndicatorView+AFNetworking.m */,
				5B24DFBD19B3553A007223BA /* UIAlertView+AFNetworking.h */,
				5B24DFBE19B3553A007223BA /* UIAlertView+AFNetworking.m */,
				5B24DFBF19B3553A007223BA /* UIButton+AFNetworking.h */,
				5B24DFC019B3553A007223BA /* UIButton+AFNetworking.m */,
				5B24DFC119B3553A007223BA /* UIImageView+AFNetworking.h */,
				5B24DFC219B3553A007223BA /* UIImageView+AFNetworking.m */,
				5B24DFC319B3553A007223BA /* UIKit+AFNetworking.h */,
				5B24DFC419B3553A007223BA /* UIProgressView+AFNetworking.h */,
				5B24DFC519B3553A007223BA /* UIProgressView+AFNetworking.m */,
				5B24DFC619B3553A007223BA /* UIRefreshControl+AFNetworking.h */,
				5B24DFC719B3553A007223BA /* UIRefreshControl+AFNetworking.m */,
				5B24DFC819B3553A007223BA /* UIWebView+AFNetworking.h */,
				5B24DFC919B3553A007223BA /* UIWebView+AFNetworking.m */,
			);
			path = "UIKit+AFNetworking";
			sourceTree = "<group>";
		};
		5B24DFDB19B35543007223BA /* AFNetworking */ = {
			isa = PBXGroup;
			children = (
				5B24DFA419B3553A007223BA /* AFNetworking */,
				5B24DFB819B3553A007223BA /* UIKit+AFNetworking */,
			);
			name = AFNetworking;
			sourceTree = "<group>";
		};
		5B24DFDC19B35556007223BA /* Frameworks */ = {
			isa = PBXGroup;
			children = (
				5B23BE2D19D7C31600C862D6 /* CSSStickyHeader */,
				5B24DFDB19B35543007223BA /* AFNetworking */,
				5BD5BB4719A0CAE600E2F1F8 /* XYPieChart */,
			);
			name = Frameworks;
			sourceTree = "<group>";
		};
		5B3253EF19CE8E37007D4174 /* Top TableView */ = {
			isa = PBXGroup;
			children = (
				5B3253F019CE8E6C007D4174 /* MOTopTableTableViewController.h */,
				5B3253F119CE8E6C007D4174 /* MOTopTableTableViewController.m */,
			);
			name = "Top TableView";
			sourceTree = "<group>";
		};
		5B4BE42D19A9F335006536CE /* More */ = {
			isa = PBXGroup;
			children = (
				5BF89FD419BC5FEB002C1084 /* MOCustomCollectionViewCell.h */,
				5BF89FD519BC5FEB002C1084 /* MOCustomCollectionViewCell.m */,
				5B1D761A19D16FAA002D3D58 /* MOMoreCollectionViewController.h */,
				5B1D761B19D16FAA002D3D58 /* MOMoreCollectionViewController.m */,
				5B868D7D19D8006300DB7644 /* CollectionViewHeader.xib */,
			);
			name = More;
			sourceTree = "<group>";
		};
		5B4BE43119A9FFBA006536CE /* Match */ = {
			isa = PBXGroup;
			children = (
				5B4BE43219A9FFED006536CE /* MOMatchesViewController.h */,
				5B4BE43319A9FFED006536CE /* MOMatchesViewController.m */,
			);
			name = Match;
			sourceTree = "<group>";
		};
		5B617F0C198D04F5008837DD /*  Delete TableView */ = {
			isa = PBXGroup;
			children = (
				5B617F09198D04EB008837DD /* MODeleteTableViewController.h */,
				5B617F0A198D04EB008837DD /* MODeleteTableViewController.m */,
				5B617F0D198D15B7008837DD /* MODeleteViewController.h */,
				5B617F0E198D15B7008837DD /* MODeleteViewController.m */,
			);
			name = " Delete TableView";
			sourceTree = "<group>";
		};
		5B640E5B19AB6C17000EAD45 /* Match Object */ = {
			isa = PBXGroup;
			children = (
				5B640E5C19AB6C45000EAD45 /* MOMatchObject.h */,
				5B640E5D19AB6C45000EAD45 /* MOMatchObject.m */,
			);
			name = "Match Object";
			sourceTree = "<group>";
		};
		5BABB277197A5F77009B636E = {
			isa = PBXGroup;
			children = (
				5BABB289197A5F77009B636E /* BJJStats */,
				5BABB2A8197A5F77009B636E /* BJJStatsTests */,
				5BABB282197A5F77009B636E /* Frameworks */,
				5BABB281197A5F77009B636E /* Products */,
			);
			sourceTree = "<group>";
		};
		5BABB281197A5F77009B636E /* Products */ = {
			isa = PBXGroup;
			children = (
				5BABB280197A5F77009B636E /* BJJStats.app */,
				5BABB2A1197A5F77009B636E /* BJJStatsTests.xctest */,
			);
			name = Products;
			sourceTree = "<group>";
		};
		5BABB282197A5F77009B636E /* Frameworks */ = {
			isa = PBXGroup;
			children = (
				5BABB283197A5F77009B636E /* Foundation.framework */,
				5BABB285197A5F77009B636E /* CoreGraphics.framework */,
				5BABB287197A5F77009B636E /* UIKit.framework */,
				5BABB2A2197A5F77009B636E /* XCTest.framework */,
				9B46A7E952104401AFA43A29 /* libPods.a */,
			);
			name = Frameworks;
			sourceTree = "<group>";
		};
		5BABB289197A5F77009B636E /* BJJStats */ = {
			isa = PBXGroup;
			children = (
				5B24DFDC19B35556007223BA /* Frameworks */,
				5BABB2B8197A5F87009B636E /* Data */,
				5BABB292197A5F77009B636E /* MOAppDelegate.h */,
				5BABB293197A5F77009B636E /* MOAppDelegate.m */,
				5B1CAF171983F45C00383D97 /* Model */,
				5BABB295197A5F77009B636E /* Main.storyboard */,
				5B1CAF161983F44F00383D97 /* View */,
				5BABB29B197A5F77009B636E /* Images.xcassets */,
				5BABB28A197A5F77009B636E /* Supporting Files */,
			);
			path = BJJStats;
			sourceTree = "<group>";
		};
		5BABB28A197A5F77009B636E /* Supporting Files */ = {
			isa = PBXGroup;
			children = (
				5BABB28B197A5F77009B636E /* BJJStats-Info.plist */,
				5BABB28C197A5F77009B636E /* InfoPlist.strings */,
				5BABB28F197A5F77009B636E /* main.m */,
				5BABB291197A5F77009B636E /* BJJStats-Prefix.pch */,
				5B640E5F19AB6E3E000EAD45 /* MOMatchData.h */,
				5B640E6019AB6E3E000EAD45 /* MOMatchData.m */,
				5B067DC8197C00F1000C7B56 /* MOSubmissionData.h */,
				5B067DC9197C00F1000C7B56 /* MOSubmissionData.m */,
			);
			name = "Supporting Files";
			sourceTree = "<group>";
		};
		5BABB2A8197A5F77009B636E /* BJJStatsTests */ = {
			isa = PBXGroup;
			children = (
				5BABB2AE197A5F77009B636E /* BJJStatsTests.m */,
				5BABB2A9197A5F77009B636E /* Supporting Files */,
			);
			path = BJJStatsTests;
			sourceTree = "<group>";
		};
		5BABB2A9197A5F77009B636E /* Supporting Files */ = {
			isa = PBXGroup;
			children = (
				5BABB2AA197A5F77009B636E /* BJJStatsTests-Info.plist */,
				5BABB2AB197A5F77009B636E /* InfoPlist.strings */,
			);
			name = "Supporting Files";
			sourceTree = "<group>";
		};
		5BABB2B8197A5F87009B636E /* Data */ = {
			isa = PBXGroup;
			children = (
				5BABB2B9197A5FA5009B636E /* Submissions.plist */,
				5BABB2BB197A5FC8009B636E /* Positions.plist */,
			);
			name = Data;
			sourceTree = "<group>";
		};
		5BABB2C6197A9EDE009B636E /* Submissions */ = {
			isa = PBXGroup;
			children = (
				5BABB2BF197A6CAA009B636E /* MOSubmissionsViewController.h */,
				5BABB2C0197A6CAA009B636E /* MOSubmissionsViewController.m */,
			);
			name = Submissions;
			sourceTree = "<group>";
		};
		5BABB2C7197A9EED009B636E /* Submitted */ = {
			isa = PBXGroup;
			children = (
				5BABB2C2197A6CBB009B636E /* MOSubmittedViewController.h */,
				5BABB2C3197A6CBB009B636E /* MOSubmittedViewController.m */,
			);
			name = Submitted;
			sourceTree = "<group>";
		};
		5BABB2C8197A9EF6009B636E /* Home */ = {
			isa = PBXGroup;
			children = (
				5BABB298197A5F77009B636E /* MOViewController.h */,
				5BABB299197A5F77009B636E /* MOViewController.m */,
			);
			name = Home;
			sourceTree = "<group>";
		};
		5BD5BB4719A0CAE600E2F1F8 /* XYPieChart */ = {
			isa = PBXGroup;
			children = (
				5BD5BB4819A0CAE600E2F1F8 /* XYPieChart.h */,
				5BD5BB4919A0CAE600E2F1F8 /* XYPieChart.m */,
			);
			path = XYPieChart;
			sourceTree = "<group>";
		};
		5BEB450F197E5D85008F6355 /* SubmissionObject */ = {
			isa = PBXGroup;
			children = (
				5B20281E197B937300105D36 /* MOSubmissionObject.h */,
				5B20281F197B937300105D36 /* MOSubmissionObject.m */,
			);
			name = SubmissionObject;
			sourceTree = "<group>";
		};
/* End PBXGroup section */

/* Begin PBXNativeTarget section */
		5BABB27F197A5F77009B636E /* BJJStats */ = {
			isa = PBXNativeTarget;
			buildConfigurationList = 5BABB2B2197A5F77009B636E /* Build configuration list for PBXNativeTarget "BJJStats" */;
			buildPhases = (
				5BABB27C197A5F77009B636E /* Sources */,
				5BABB27D197A5F77009B636E /* Frameworks */,
				5BABB27E197A5F77009B636E /* Resources */,
			);
			buildRules = (
			);
			dependencies = (
			);
			name = BJJStats;
			productName = BJJStats;
			productReference = 5BABB280197A5F77009B636E /* BJJStats.app */;
			productType = "com.apple.product-type.application";
		};
		5BABB2A0197A5F77009B636E /* BJJStatsTests */ = {
			isa = PBXNativeTarget;
			buildConfigurationList = 5BABB2B5197A5F77009B636E /* Build configuration list for PBXNativeTarget "BJJStatsTests" */;
			buildPhases = (
				5BABB29D197A5F77009B636E /* Sources */,
				5BABB29E197A5F77009B636E /* Frameworks */,
				5BABB29F197A5F77009B636E /* Resources */,
			);
			buildRules = (
			);
			dependencies = (
				5BABB2A7197A5F77009B636E /* PBXTargetDependency */,
			);
			name = BJJStatsTests;
			productName = BJJStatsTests;
			productReference = 5BABB2A1197A5F77009B636E /* BJJStatsTests.xctest */;
			productType = "com.apple.product-type.bundle.unit-test";
		};
/* End PBXNativeTarget section */

/* Begin PBXProject section */
		5BABB278197A5F77009B636E /* Project object */ = {
			isa = PBXProject;
			attributes = {
				CLASSPREFIX = MO;
				LastUpgradeCheck = 0510;
				ORGANIZATIONNAME = "Mark Ogley";
				TargetAttributes = {
					5BABB2A0197A5F77009B636E = {
						TestTargetID = 5BABB27F197A5F77009B636E;
					};
				};
			};
			buildConfigurationList = 5BABB27B197A5F77009B636E /* Build configuration list for PBXProject "BJJStats" */;
			compatibilityVersion = "Xcode 3.2";
			developmentRegion = English;
			hasScannedForEncodings = 0;
			knownRegions = (
				en,
				Base,
			);
			mainGroup = 5BABB277197A5F77009B636E;
			productRefGroup = 5BABB281197A5F77009B636E /* Products */;
			projectDirPath = "";
			projectRoot = "";
			targets = (
				5BABB27F197A5F77009B636E /* BJJStats */,
				5BABB2A0197A5F77009B636E /* BJJStatsTests */,
			);
		};
/* End PBXProject section */

/* Begin PBXResourcesBuildPhase section */
		5BABB27E197A5F77009B636E /* Resources */ = {
			isa = PBXResourcesBuildPhase;
			buildActionMask = 2147483647;
			files = (
				5BABB29C197A5F77009B636E /* Images.xcassets in Resources */,
				5B868D7E19D8006300DB7644 /* CollectionViewHeader.xib in Resources */,
				5BABB28E197A5F77009B636E /* InfoPlist.strings in Resources */,
				5BABB2BA197A5FA5009B636E /* Submissions.plist in Resources */,
				5BABB2BC197A5FC8009B636E /* Positions.plist in Resources */,
				5BABB297197A5F77009B636E /* Main.storyboard in Resources */,
			);
			runOnlyForDeploymentPostprocessing = 0;
		};
		5BABB29F197A5F77009B636E /* Resources */ = {
			isa = PBXResourcesBuildPhase;
			buildActionMask = 2147483647;
			files = (
				5BABB2AD197A5F77009B636E /* InfoPlist.strings in Resources */,
			);
			runOnlyForDeploymentPostprocessing = 0;
		};
/* End PBXResourcesBuildPhase section */

/* Begin PBXSourcesBuildPhase section */
		5BABB27C197A5F77009B636E /* Sources */ = {
			isa = PBXSourcesBuildPhase;
			buildActionMask = 2147483647;
			files = (
				5BABB294197A5F77009B636E /* MOAppDelegate.m in Sources */,
				5B1CAF1A1983F49300383D97 /* MOSubmissionsPersistenceManager.m in Sources */,
				5B24DFCE19B3553A007223BA /* AFSecurityPolicy.m in Sources */,
				5B24DFCB19B3553A007223BA /* AFHTTPRequestOperationManager.m in Sources */,
				5B24DFCA19B3553A007223BA /* AFHTTPRequestOperation.m in Sources */,
				5B1FB21A19892D0100B81387 /* MODateAddedViewController.m in Sources */,
				5B617F0F198D15B7008837DD /* MODeleteViewController.m in Sources */,
				5BABB29A197A5F77009B636E /* MOViewController.m in Sources */,
				5B640E6119AB6E3E000EAD45 /* MOMatchData.m in Sources */,
				5B24DFD619B3553A007223BA /* UIButton+AFNetworking.m in Sources */,
				5B202823197BA2BC00105D36 /* MOStatisticsViewController.m in Sources */,
				5B24DFD719B3553A007223BA /* UIImageView+AFNetworking.m in Sources */,
				5BABB2C1197A6CAA009B636E /* MOSubmissionsViewController.m in Sources */,
				5B24DFD819B3553A007223BA /* UIProgressView+AFNetworking.m in Sources */,
				5B23BE3319D7C34100C862D6 /* CSStickyHeaderFlowLayoutAttributes.m in Sources */,
				5BABB2C4197A6CBB009B636E /* MOSubmittedViewController.m in Sources */,
				5B24DFD319B3553A007223BA /* AFNetworkActivityIndicatorManager.m in Sources */,
				5BEB4512197E5DA7008F6355 /* MOObjectConverter.m in Sources */,
				5B24DFDA19B3553A007223BA /* UIWebView+AFNetworking.m in Sources */,
				5B24DFCC19B3553A007223BA /* AFHTTPSessionManager.m in Sources */,
				5B640E5E19AB6C45000EAD45 /* MOMatchObject.m in Sources */,
				5B202820197B937300105D36 /* MOSubmissionObject.m in Sources */,
				5B24DFCF19B3553A007223BA /* AFURLConnectionOperation.m in Sources */,
				5B24DFD019B3553A007223BA /* AFURLRequestSerialization.m in Sources */,
				5B24DFD219B3553A007223BA /* AFURLSessionManager.m in Sources */,
				5B23BE3219D7C34100C862D6 /* CSStickyHeaderFlowLayout.m in Sources */,
				5B24DFD119B3553A007223BA /* AFURLResponseSerialization.m in Sources */,
				5B24DFD919B3553A007223BA /* UIRefreshControl+AFNetworking.m in Sources */,
				5B4BE43419A9FFED006536CE /* MOMatchesViewController.m in Sources */,
				5B24DFD419B3553A007223BA /* UIActivityIndicatorView+AFNetworking.m in Sources */,
				5BABB290197A5F77009B636E /* main.m in Sources */,
				5BF89FD619BC5FEB002C1084 /* MOCustomCollectionViewCell.m in Sources */,
				5B24DFD519B3553A007223BA /* UIAlertView+AFNetworking.m in Sources */,
				5B3253F219CE8E6C007D4174 /* MOTopTableTableViewController.m in Sources */,
				5B1D761C19D16FAA002D3D58 /* MOMoreCollectionViewController.m in Sources */,
				5B617F0B198D04EB008837DD /* MODeleteTableViewController.m in Sources */,
				5BD5BB4A19A0CAE600E2F1F8 /* XYPieChart.m in Sources */,
				5B24DFCD19B3553A007223BA /* AFNetworkReachabilityManager.m in Sources */,
				5B067DCA197C00F1000C7B56 /* MOSubmissionData.m in Sources */,
			);
			runOnlyForDeploymentPostprocessing = 0;
		};
		5BABB29D197A5F77009B636E /* Sources */ = {
			isa = PBXSourcesBuildPhase;
			buildActionMask = 2147483647;
			files = (
				5BABB2AF197A5F77009B636E /* BJJStatsTests.m in Sources */,
			);
			runOnlyForDeploymentPostprocessing = 0;
		};
/* End PBXSourcesBuildPhase section */

/* Begin PBXTargetDependency section */
		5BABB2A7197A5F77009B636E /* PBXTargetDependency */ = {
			isa = PBXTargetDependency;
			target = 5BABB27F197A5F77009B636E /* BJJStats */;
			targetProxy = 5BABB2A6197A5F77009B636E /* PBXContainerItemProxy */;
		};
/* End PBXTargetDependency section */

/* Begin PBXVariantGroup section */
		5BABB28C197A5F77009B636E /* InfoPlist.strings */ = {
			isa = PBXVariantGroup;
			children = (
				5BABB28D197A5F77009B636E /* en */,
			);
			name = InfoPlist.strings;
			sourceTree = "<group>";
		};
		5BABB295197A5F77009B636E /* Main.storyboard */ = {
			isa = PBXVariantGroup;
			children = (
				5BABB296197A5F77009B636E /* Base */,
			);
			name = Main.storyboard;
			sourceTree = "<group>";
		};
		5BABB2AB197A5F77009B636E /* InfoPlist.strings */ = {
			isa = PBXVariantGroup;
			children = (
				5BABB2AC197A5F77009B636E /* en */,
			);
			name = InfoPlist.strings;
			sourceTree = "<group>";
		};
/* End PBXVariantGroup section */

/* Begin XCBuildConfiguration section */
		5BABB2B0197A5F77009B636E /* Debug */ = {
			isa = XCBuildConfiguration;
			buildSettings = {
				ALWAYS_SEARCH_USER_PATHS = NO;
				CLANG_CXX_LANGUAGE_STANDARD = "gnu++0x";
				CLANG_CXX_LIBRARY = "libc++";
				CLANG_ENABLE_MODULES = YES;
				CLANG_ENABLE_OBJC_ARC = YES;
				CLANG_WARN_BOOL_CONVERSION = YES;
				CLANG_WARN_CONSTANT_CONVERSION = YES;
				CLANG_WARN_DIRECT_OBJC_ISA_USAGE = YES_ERROR;
				CLANG_WARN_EMPTY_BODY = YES;
				CLANG_WARN_ENUM_CONVERSION = YES;
				CLANG_WARN_INT_CONVERSION = YES;
				CLANG_WARN_OBJC_ROOT_CLASS = YES_ERROR;
				CLANG_WARN__DUPLICATE_METHOD_MATCH = YES;
				"CODE_SIGN_IDENTITY[sdk=iphoneos*]" = "iPhone Developer";
				COPY_PHASE_STRIP = NO;
				GCC_C_LANGUAGE_STANDARD = gnu99;
				GCC_DYNAMIC_NO_PIC = NO;
				GCC_OPTIMIZATION_LEVEL = 0;
				GCC_PREPROCESSOR_DEFINITIONS = (
					"DEBUG=1",
					"$(inherited)",
				);
				GCC_SYMBOLS_PRIVATE_EXTERN = NO;
				GCC_WARN_64_TO_32_BIT_CONVERSION = YES;
				GCC_WARN_ABOUT_RETURN_TYPE = YES_ERROR;
				GCC_WARN_UNDECLARED_SELECTOR = YES;
				GCC_WARN_UNINITIALIZED_AUTOS = YES_AGGRESSIVE;
				GCC_WARN_UNUSED_FUNCTION = YES;
				GCC_WARN_UNUSED_VARIABLE = YES;
				IPHONEOS_DEPLOYMENT_TARGET = 7.1;
				ONLY_ACTIVE_ARCH = YES;
				SDKROOT = iphoneos;
			};
			name = Debug;
		};
		5BABB2B1197A5F77009B636E /* Release */ = {
			isa = XCBuildConfiguration;
			buildSettings = {
				ALWAYS_SEARCH_USER_PATHS = NO;
				CLANG_CXX_LANGUAGE_STANDARD = "gnu++0x";
				CLANG_CXX_LIBRARY = "libc++";
				CLANG_ENABLE_MODULES = YES;
				CLANG_ENABLE_OBJC_ARC = YES;
				CLANG_WARN_BOOL_CONVERSION = YES;
				CLANG_WARN_CONSTANT_CONVERSION = YES;
				CLANG_WARN_DIRECT_OBJC_ISA_USAGE = YES_ERROR;
				CLANG_WARN_EMPTY_BODY = YES;
				CLANG_WARN_ENUM_CONVERSION = YES;
				CLANG_WARN_INT_CONVERSION = YES;
				CLANG_WARN_OBJC_ROOT_CLASS = YES_ERROR;
				CLANG_WARN__DUPLICATE_METHOD_MATCH = YES;
				"CODE_SIGN_IDENTITY[sdk=iphoneos*]" = "iPhone Developer";
				COPY_PHASE_STRIP = YES;
				ENABLE_NS_ASSERTIONS = NO;
				GCC_C_LANGUAGE_STANDARD = gnu99;
				GCC_WARN_64_TO_32_BIT_CONVERSION = YES;
				GCC_WARN_ABOUT_RETURN_TYPE = YES_ERROR;
				GCC_WARN_UNDECLARED_SELECTOR = YES;
				GCC_WARN_UNINITIALIZED_AUTOS = YES_AGGRESSIVE;
				GCC_WARN_UNUSED_FUNCTION = YES;
				GCC_WARN_UNUSED_VARIABLE = YES;
				IPHONEOS_DEPLOYMENT_TARGET = 7.1;
				SDKROOT = iphoneos;
				VALIDATE_PRODUCT = YES;
			};
			name = Release;
		};
		5BABB2B3197A5F77009B636E /* Debug */ = {
			isa = XCBuildConfiguration;
			buildSettings = {
				ASSETCATALOG_COMPILER_APPICON_NAME = AppIcon;
				ASSETCATALOG_COMPILER_LAUNCHIMAGE_NAME = LaunchImage;
				CODE_SIGN_IDENTITY = "";
				"CODE_SIGN_IDENTITY[sdk=iphoneos*]" = "";
				GCC_PRECOMPILE_PREFIX_HEADER = YES;
				GCC_PREFIX_HEADER = "BJJStats/BJJStats-Prefix.pch";
				INFOPLIST_FILE = "BJJStats/BJJStats-Info.plist";
				IPHONEOS_DEPLOYMENT_TARGET = 7.1;
				PRODUCT_NAME = "$(TARGET_NAME)";
				TARGETED_DEVICE_FAMILY = 1;
				WRAPPER_EXTENSION = app;
			};
			name = Debug;
		};
		5BABB2B4197A5F77009B636E /* Release */ = {
			isa = XCBuildConfiguration;
			buildSettings = {
				ASSETCATALOG_COMPILER_APPICON_NAME = AppIcon;
				ASSETCATALOG_COMPILER_LAUNCHIMAGE_NAME = LaunchImage;
				CODE_SIGN_IDENTITY = "";
				"CODE_SIGN_IDENTITY[sdk=iphoneos*]" = "";
				GCC_PRECOMPILE_PREFIX_HEADER = YES;
				GCC_PREFIX_HEADER = "BJJStats/BJJStats-Prefix.pch";
				INFOPLIST_FILE = "BJJStats/BJJStats-Info.plist";
				IPHONEOS_DEPLOYMENT_TARGET = 7.1;
				PRODUCT_NAME = "$(TARGET_NAME)";
				TARGETED_DEVICE_FAMILY = 1;
				WRAPPER_EXTENSION = app;
			};
			name = Release;
		};
		5BABB2B6197A5F77009B636E /* Debug */ = {
			isa = XCBuildConfiguration;
			buildSettings = {
				BUNDLE_LOADER = "$(BUILT_PRODUCTS_DIR)/BJJStats.app/BJJStats";
				FRAMEWORK_SEARCH_PATHS = (
					"$(SDKROOT)/Developer/Library/Frameworks",
					"$(inherited)",
					"$(DEVELOPER_FRAMEWORKS_DIR)",
				);
				GCC_PRECOMPILE_PREFIX_HEADER = YES;
				GCC_PREFIX_HEADER = "BJJStats/BJJStats-Prefix.pch";
				GCC_PREPROCESSOR_DEFINITIONS = (
					"DEBUG=1",
					"$(inherited)",
				);
				INFOPLIST_FILE = "BJJStatsTests/BJJStatsTests-Info.plist";
				PRODUCT_NAME = "$(TARGET_NAME)";
				TEST_HOST = "$(BUNDLE_LOADER)";
				WRAPPER_EXTENSION = xctest;
			};
			name = Debug;
		};
		5BABB2B7197A5F77009B636E /* Release */ = {
			isa = XCBuildConfiguration;
			buildSettings = {
				BUNDLE_LOADER = "$(BUILT_PRODUCTS_DIR)/BJJStats.app/BJJStats";
				FRAMEWORK_SEARCH_PATHS = (
					"$(SDKROOT)/Developer/Library/Frameworks",
					"$(inherited)",
					"$(DEVELOPER_FRAMEWORKS_DIR)",
				);
				GCC_PRECOMPILE_PREFIX_HEADER = YES;
				GCC_PREFIX_HEADER = "BJJStats/BJJStats-Prefix.pch";
				INFOPLIST_FILE = "BJJStatsTests/BJJStatsTests-Info.plist";
				PRODUCT_NAME = "$(TARGET_NAME)";
				TEST_HOST = "$(BUNDLE_LOADER)";
				WRAPPER_EXTENSION = xctest;
			};
			name = Release;
		};
/* End XCBuildConfiguration section */

/* Begin XCConfigurationList section */
		5BABB27B197A5F77009B636E /* Build configuration list for PBXProject "BJJStats" */ = {
			isa = XCConfigurationList;
			buildConfigurations = (
				5BABB2B0197A5F77009B636E /* Debug */,
				5BABB2B1197A5F77009B636E /* Release */,
			);
			defaultConfigurationIsVisible = 0;
			defaultConfigurationName = Release;
		};
		5BABB2B2197A5F77009B636E /* Build configuration list for PBXNativeTarget "BJJStats" */ = {
			isa = XCConfigurationList;
			buildConfigurations = (
				5BABB2B3197A5F77009B636E /* Debug */,
				5BABB2B4197A5F77009B636E /* Release */,
			);
			defaultConfigurationIsVisible = 0;
			defaultConfigurationName = Release;
		};
		5BABB2B5197A5F77009B636E /* Build configuration list for PBXNativeTarget "BJJStatsTests" */ = {
			isa = XCConfigurationList;
			buildConfigurations = (
				5BABB2B6197A5F77009B636E /* Debug */,
				5BABB2B7197A5F77009B636E /* Release */,
			);
			defaultConfigurationIsVisible = 0;
			defaultConfigurationName = Release;
		};
/* End XCConfigurationList section */
	};
	rootObject = 5BABB278197A5F77009B636E /* Project object */;
}
